Microsoft Visual Studio Solution File, Format Version 11.00
# Visual Studio 16
Project("{F184B08F-C81C-45F6-A57F-5ABD9991F28F}") = "PreviewClickDemo", "PreviewClickDemo.Net5.vbproj", "{C3AE7E00-AF3C-4AF5-B846-B1E50FD4A690}"
EndProject
Global
	GlobalSection(SolutionConfigurationPlatforms) = preSolution
		Debug|x86 = Debug|x86
		Release|x86 = Release|x86
	EndGlobalSection
	GlobalSection(ProjectConfigurationPlatforms) = postSolution
		{C3AE7E00-AF3C-4AF5-B846-B1E50FD4A690}.Debug|x86.ActiveCfg = Debug|x86
		{C3AE7E00-AF3C-4AF5-B846-B1E50FD4A690}.Debug|x86.Build.0 = Debug|x86
		{C3AE7E00-AF3C-4AF5-B846-B1E50FD4A690}.Release|x86.ActiveCfg = Release|x86
		{C3AE7E00-AF3C-4AF5-B846-B1E50FD4A690}.Release|x86.Build.0 = Release|x86
	EndGlobalSection
	GlobalSection(SolutionProperties) = preSolution
		HideSolutionNode = FALSE
	EndGlobalSection
EndGlobal
